// !$*UTF8*$!
{
	archiveVersion = 1;
	classes = {
	};
	objectVersion = 50;
	objects = {

/* Begin PBXBuildFile section */
		B5ADA6B025CAD3FD000D8B25 /* AppDelegate.swift in Sources */ = {isa = PBXBuildFile; fileRef = B5ADA6AF25CAD3FD000D8B25 /* AppDelegate.swift */; };
		B5ADA6B225CAD3FD000D8B25 /* SceneDelegate.swift in Sources */ = {isa = PBXBuildFile; fileRef = B5ADA6B125CAD3FD000D8B25 /* SceneDelegate.swift */; };
		B5ADA6B425CAD3FD000D8B25 /* CoctailsListViewController.swift in Sources */ = {isa = PBXBuildFile; fileRef = B5ADA6B325CAD3FD000D8B25 /* CoctailsListViewController.swift */; };
		B5ADA6B725CAD3FD000D8B25 /* Main.storyboard in Resources */ = {isa = PBXBuildFile; fileRef = B5ADA6B525CAD3FD000D8B25 /* Main.storyboard */; };
		B5ADA6B925CAD403000D8B25 /* Assets.xcassets in Resources */ = {isa = PBXBuildFile; fileRef = B5ADA6B825CAD403000D8B25 /* Assets.xcassets */; };
		B5ADA6BC25CAD403000D8B25 /* LaunchScreen.storyboard in Resources */ = {isa = PBXBuildFile; fileRef = B5ADA6BA25CAD403000D8B25 /* LaunchScreen.storyboard */; };
		B5ADA6CA25CAD5A0000D8B25 /* CocktailTableViewCell.swift in Sources */ = {isa = PBXBuildFile; fileRef = B5ADA6C925CAD5A0000D8B25 /* CocktailTableViewCell.swift */; };
		B5ADA6CD25CAD5E2000D8B25 /* CocktailModel.swift in Sources */ = {isa = PBXBuildFile; fileRef = B5ADA6CC25CAD5E2000D8B25 /* CocktailModel.swift */; };
		B5ADA6D025CAD60C000D8B25 /* APIManager.swift in Sources */ = {isa = PBXBuildFile; fileRef = B5ADA6CF25CAD60C000D8B25 /* APIManager.swift */; };
		B5ADA6D325CAD665000D8B25 /* CocktailDetailViewController.swift in Sources */ = {isa = PBXBuildFile; fileRef = B5ADA6D225CAD665000D8B25 /* CocktailDetailViewController.swift */; };
/* End PBXBuildFile section */

/* Begin PBXFileReference section */
		B5ADA6AC25CAD3FD000D8B25 /* Printful_CocktailDatabase_Project.app */ = {isa = PBXFileReference; explicitFileType = wrapper.application; includeInIndex = 0; path = Printful_CocktailDatabase_Project.app; sourceTree = BUILT_PRODUCTS_DIR; };
		B5ADA6AF25CAD3FD000D8B25 /* AppDelegate.swift */ = {isa = PBXFileReference; lastKnownFileType = sourcecode.swift; path = AppDelegate.swift; sourceTree = "<group>"; };
		B5ADA6B125CAD3FD000D8B25 /* SceneDelegate.swift */ = {isa = PBXFileReference; lastKnownFileType = sourcecode.swift; path = SceneDelegate.swift; sourceTree = "<group>"; };
		B5ADA6B325CAD3FD000D8B25 /* CoctailsListViewController.swift */ = {isa = PBXFileReference; lastKnownFileType = sourcecode.swift; path = CoctailsListViewController.swift; sourceTree = "<group>"; };
		B5ADA6B625CAD3FD000D8B25 /* Base */ = {isa = PBXFileReference; lastKnownFileType = file.storyboard; name = Base; path = Base.lproj/Main.storyboard; sourceTree = "<group>"; };
		B5ADA6B825CAD403000D8B25 /* Assets.xcassets */ = {isa = PBXFileReference; lastKnownFileType = folder.assetcatalog; path = Assets.xcassets; sourceTree = "<group>"; };
		B5ADA6BB25CAD403000D8B25 /* Base */ = {isa = PBXFileReference; lastKnownFileType = file.storyboard; name = Base; path = Base.lproj/LaunchScreen.storyboard; sourceTree = "<group>"; };
		B5ADA6BD25CAD403000D8B25 /* Info.plist */ = {isa = PBXFileReference; lastKnownFileType = text.plist.xml; path = Info.plist; sourceTree = "<group>"; };
		B5ADA6C925CAD5A0000D8B25 /* CocktailTableViewCell.swift */ = {isa = PBXFileReference; lastKnownFileType = sourcecode.swift; path = CocktailTableViewCell.swift; sourceTree = "<group>"; };
		B5ADA6CC25CAD5E2000D8B25 /* CocktailModel.swift */ = {isa = PBXFileReference; lastKnownFileType = sourcecode.swift; path = CocktailModel.swift; sourceTree = "<group>"; };
		B5ADA6CF25CAD60C000D8B25 /* APIManager.swift */ = {isa = PBXFileReference; lastKnownFileType = sourcecode.swift; path = APIManager.swift; sourceTree = "<group>"; };
		B5ADA6D225CAD665000D8B25 /* CocktailDetailViewController.swift */ = {isa = PBXFileReference; lastKnownFileType = sourcecode.swift; path = CocktailDetailViewController.swift; sourceTree = "<group>"; };
/* End PBXFileReference section */

/* Begin PBXFrameworksBuildPhase section */
		B5ADA6A925CAD3FD000D8B25 /* Frameworks */ = {
			isa = PBXFrameworksBuildPhase;
			buildActionMask = 2147483647;
			files = (
			);
			runOnlyForDeploymentPostprocessing = 0;
		};
/* End PBXFrameworksBuildPhase section */

/* Begin PBXGroup section */
		B5ADA6A325CAD3FC000D8B25 = {
			isa = PBXGroup;
			children = (
				B5ADA6AE25CAD3FD000D8B25 /* Printful_CocktailDatabase_Project */,
				B5ADA6AD25CAD3FD000D8B25 /* Products */,
			);
			sourceTree = "<group>";
		};
		B5ADA6AD25CAD3FD000D8B25 /* Products */ = {
			isa = PBXGroup;
			children = (
				B5ADA6AC25CAD3FD000D8B25 /* Printful_CocktailDatabase_Project.app */,
			);
			name = Products;
			sourceTree = "<group>";
		};
		B5ADA6AE25CAD3FD000D8B25 /* Printful_CocktailDatabase_Project */ = {
			isa = PBXGroup;
			children = (
				B5ADA6D525CAD781000D8B25 /* Services */,
				B5ADA6C825CAD509000D8B25 /* Models */,
				B5ADA6C725CAD505000D8B25 /* Views */,
				B5ADA6C625CAD4FD000D8B25 /* Controllers */,
				B5ADA6AF25CAD3FD000D8B25 /* AppDelegate.swift */,
				B5ADA6B125CAD3FD000D8B25 /* SceneDelegate.swift */,
				B5ADA6B525CAD3FD000D8B25 /* Main.storyboard */,
				B5ADA6B825CAD403000D8B25 /* Assets.xcassets */,
				B5ADA6BA25CAD403000D8B25 /* LaunchScreen.storyboard */,
				B5ADA6BD25CAD403000D8B25 /* Info.plist */,
			);
			path = Printful_CocktailDatabase_Project;
			sourceTree = "<group>";
		};
		B5ADA6C625CAD4FD000D8B25 /* Controllers */ = {
			isa = PBXGroup;
			children = (
				B5ADA6D225CAD665000D8B25 /* CocktailDetailViewController.swift */,
				B5ADA6B325CAD3FD000D8B25 /* CoctailsListViewController.swift */,
			);
			path = Controllers;
			sourceTree = "<group>";
		};
		B5ADA6C725CAD505000D8B25 /* Views */ = {
			isa = PBXGroup;
			children = (
				B5ADA6C925CAD5A0000D8B25 /* CocktailTableViewCell.swift */,
			);
			path = Views;
			sourceTree = "<group>";
		};
		B5ADA6C825CAD509000D8B25 /* Models */ = {
			isa = PBXGroup;
			children = (
				B5ADA6CC25CAD5E2000D8B25 /* CocktailModel.swift */,
			);
			path = Models;
			sourceTree = "<group>";
		};
		B5ADA6D525CAD781000D8B25 /* Services */ = {
			isa = PBXGroup;
			children = (
				B5ADA6CF25CAD60C000D8B25 /* APIManager.swift */,
			);
			path = Services;
			sourceTree = "<group>";
		};
/* End PBXGroup section */

/* Begin PBXNativeTarget section */
		B5ADA6AB25CAD3FD000D8B25 /* Printful_CocktailDatabase_Project */ = {
			isa = PBXNativeTarget;
			buildConfigurationList = B5ADA6C025CAD403000D8B25 /* Build configuration list for PBXNativeTarget "Printful_CocktailDatabase_Project" */;
			buildPhases = (
				B5ADA6A825CAD3FD000D8B25 /* Sources */,
				B5ADA6A925CAD3FD000D8B25 /* Frameworks */,
				B5ADA6AA25CAD3FD000D8B25 /* Resources */,
			);
			buildRules = (
			);
			dependencies = (
			);
			name = Printful_CocktailDatabase_Project;
			productName = Printful_CocktailDatabase_Project;
			productReference = B5ADA6AC25CAD3FD000D8B25 /* Printful_CocktailDatabase_Project.app */;
			productType = "com.apple.product-type.application";
		};
/* End PBXNativeTarget section */

/* Begin PBXProject section */
		B5ADA6A425CAD3FC000D8B25 /* Project object */ = {
			isa = PBXProject;
			attributes = {
				LastSwiftUpdateCheck = 1230;
				LastUpgradeCheck = 1230;
				TargetAttributes = {
					B5ADA6AB25CAD3FD000D8B25 = {
						CreatedOnToolsVersion = 12.3;
					};
				};
			};
			buildConfigurationList = B5ADA6A725CAD3FC000D8B25 /* Build configuration list for PBXProject "Printful_CocktailDatabase_Project" */;
			compatibilityVersion = "Xcode 9.3";
			developmentRegion = en;
			hasScannedForEncodings = 0;
			knownRegions = (
				en,
				Base,
			);
			mainGroup = B5ADA6A325CAD3FC000D8B25;
			productRefGroup = B5ADA6AD25CAD3FD000D8B25 /* Products */;
			projectDirPath = "";
			projectRoot = "";
			targets = (
				B5ADA6AB25CAD3FD000D8B25 /* Printful_CocktailDatabase_Project */,
			);
		};
/* End PBXProject section */

/* Begin PBXResourcesBuildPhase section */
		B5ADA6AA25CAD3FD000D8B25 /* Resources */ = {
			isa = PBXResourcesBuildPhase;
			buildActionMask = 2147483647;
			files = (
				B5ADA6BC25CAD403000D8B25 /* LaunchScreen.storyboard in Resources */,
				B5ADA6B925CAD403000D8B25 /* Assets.xcassets in Resources */,
				B5ADA6B725CAD3FD000D8B25 /* Main.storyboard in Resources */,
			);
			runOnlyForDeploymentPostprocessing = 0;
		};
/* End PBXResourcesBuildPhase section */

/* Begin PBXSourcesBuildPhase section */
		B5ADA6A825CAD3FD000D8B25 /* Sources */ = {
			isa = PBXSourcesBuildPhase;
			buildActionMask = 2147483647;
			files = (
				B5ADA6D325CAD665000D8B25 /* CocktailDetailViewController.swift in Sources */,
				B5ADA6D025CAD60C000D8B25 /* APIManager.swift in Sources */,
				B5ADA6CD25CAD5E2000D8B25 /* CocktailModel.swift in Sources */,
				B5ADA6B425CAD3FD000D8B25 /* CoctailsListViewController.swift in Sources */,
				B5ADA6B025CAD3FD000D8B25 /* AppDelegate.swift in Sources */,
				B5ADA6B225CAD3FD000D8B25 /* SceneDelegate.swift in Sources */,
				B5ADA6CA25CAD5A0000D8B25 /* CocktailTableViewCell.swift in Sources */,
			);
			runOnlyForDeploymentPostprocessing = 0;
		};
/* End PBXSourcesBuildPhase section */

/* Begin PBXVariantGroup section */
		B5ADA6B525CAD3FD000D8B25 /* Main.storyboard */ = {
			isa = PBXVariantGroup;
			children = (
				B5ADA6B625CAD3FD000D8B25 /* Base */,
			);
			name = Main.storyboard;
			sourceTree = "<group>";
		};
		B5ADA6BA25CAD403000D8B25 /* LaunchScreen.storyboard */ = {
			isa = PBXVariantGroup;
			children = (
				B5ADA6BB25CAD403000D8B25 /* Base */,
			);
			name = LaunchScreen.storyboard;
			sourceTree = "<group>";
		};
/* End PBXVariantGroup section */

/* Begin XCBuildConfiguration section */
		B5ADA6BE25CAD403000D8B25 /* Debug */ = {
			isa = XCBuildConfiguration;
			buildSettings = {
				ALWAYS_SEARCH_USER_PATHS = NO;
				CLANG_ANALYZER_NONNULL = YES;
				CLANG_ANALYZER_NUMBER_OBJECT_CONVERSION = YES_AGGRESSIVE;
				CLANG_CXX_LANGUAGE_STANDARD = "gnu++14";
				CLANG_CXX_LIBRARY = "libc++";
				CLANG_ENABLE_MODULES = YES;
				CLANG_ENABLE_OBJC_ARC = YES;
				CLANG_ENABLE_OBJC_WEAK = YES;
				CLANG_WARN_BLOCK_CAPTURE_AUTORELEASING = YES;
				CLANG_WARN_BOOL_CONVERSION = YES;
				CLANG_WARN_COMMA = YES;
				CLANG_WARN_CONSTANT_CONVERSION = YES;
				CLANG_WARN_DEPRECATED_OBJC_IMPLEMENTATIONS = YES;
				CLANG_WARN_DIRECT_OBJC_ISA_USAGE = YES_ERROR;
				CLANG_WARN_DOCUMENTATION_COMMENTS = YES;
				CLANG_WARN_EMPTY_BODY = YES;
				CLANG_WARN_ENUM_CONVERSION = YES;
				CLANG_WARN_INFINITE_RECURSION = YES;
				CLANG_WARN_INT_CONVERSION = YES;
				CLANG_WARN_NON_LITERAL_NULL_CONVERSION = YES;
				CLANG_WARN_OBJC_IMPLICIT_RETAIN_SELF = YES;
				CLANG_WARN_OBJC_LITERAL_CONVERSION = YES;
				CLANG_WARN_OBJC_ROOT_CLASS = YES_ERROR;
				CLANG_WARN_QUOTED_INCLUDE_IN_FRAMEWORK_HEADER = YES;
				CLANG_WARN_RANGE_LOOP_ANALYSIS = YES;
				CLANG_WARN_STRICT_PROTOTYPES = YES;
				CLANG_WARN_SUSPICIOUS_MOVE = YES;
				CLANG_WARN_UNGUARDED_AVAILABILITY = YES_AGGRESSIVE;
				CLANG_WARN_UNREACHABLE_CODE = YES;
				CLANG_WARN__DUPLICATE_METHOD_MATCH = YES;
				COPY_PHASE_STRIP = NO;
				DEBUG_INFORMATION_FORMAT = dwarf;
				ENABLE_STRICT_OBJC_MSGSEND = YES;
				ENABLE_TESTABILITY = YES;
				GCC_C_LANGUAGE_STANDARD = gnu11;
				GCC_DYNAMIC_NO_PIC = NO;
				GCC_NO_COMMON_BLOCKS = YES;
				GCC_OPTIMIZATION_LEVEL = 0;
				GCC_PREPROCESSOR_DEFINITIONS = (
					"DEBUG=1",
					"$(inherited)",
				);
				GCC_WARN_64_TO_32_BIT_CONVERSION = YES;
				GCC_WARN_ABOUT_RETURN_TYPE = YES_ERROR;
				GCC_WARN_UNDECLARED_SELECTOR = YES;
				GCC_WARN_UNINITIALIZED_AUTOS = YES_AGGRESSIVE;
				GCC_WARN_UNUSED_FUNCTION = YES;
				GCC_WARN_UNUSED_VARIABLE = YES;
				IPHONEOS_DEPLOYMENT_TARGET = 14.0;
				MTL_ENABLE_DEBUG_INFO = INCLUDE_SOURCE;
				MTL_FAST_MATH = YES;
				ONLY_ACTIVE_ARCH = YES;
				SDKROOT = iphoneos;
				SWIFT_ACTIVE_COMPILATION_CONDITIONS = DEBUG;
				SWIFT_OPTIMIZATION_LEVEL = "-Onone";
			};
			name = Debug;
		};
		B5ADA6BF25CAD403000D8B25 /* Release */ = {
			isa = XCBuildConfiguration;
			buildSettings = {
				ALWAYS_SEARCH_USER_PATHS = NO;
				CLANG_ANALYZER_NONNULL = YES;
				CLANG_ANALYZER_NUMBER_OBJECT_CONVERSION = YES_AGGRESSIVE;
				CLANG_CXX_LANGUAGE_STANDARD = "gnu++14";
				CLANG_CXX_LIBRARY = "libc++";
				CLANG_ENABLE_MODULES = YES;
				CLANG_ENABLE_OBJC_ARC = YES;
				CLANG_ENABLE_OBJC_WEAK = YES;
				CLANG_WARN_BLOCK_CAPTURE_AUTORELEASING = YES;
				CLANG_WARN_BOOL_CONVERSION = YES;
				CLANG_WARN_COMMA = YES;
				CLANG_WARN_CONSTANT_CONVERSION = YES;
				CLANG_WARN_DEPRECATED_OBJC_IMPLEMENTATIONS = YES;
				CLANG_WARN_DIRECT_OBJC_ISA_USAGE = YES_ERROR;
				CLANG_WARN_DOCUMENTATION_COMMENTS = YES;
				CLANG_WARN_EMPTY_BODY = YES;
				CLANG_WARN_ENUM_CONVERSION = YES;
				CLANG_WARN_INFINITE_RECURSION = YES;
				CLANG_WARN_INT_CONVERSION = YES;
				CLANG_WARN_NON_LITERAL_NULL_CONVERSION = YES;
				CLANG_WARN_OBJC_IMPLICIT_RETAIN_SELF = YES;
				CLANG_WARN_OBJC_LITERAL_CONVERSION = YES;
				CLANG_WARN_OBJC_ROOT_CLASS = YES_ERROR;
				CLANG_WARN_QUOTED_INCLUDE_IN_FRAMEWORK_HEADER = YES;
				CLANG_WARN_RANGE_LOOP_ANALYSIS = YES;
				CLANG_WARN_STRICT_PROTOTYPES = YES;
				CLANG_WARN_SUSPICIOUS_MOVE = YES;
				CLANG_WARN_UNGUARDED_AVAILABILITY = YES_AGGRESSIVE;
				CLANG_WARN_UNREACHABLE_CODE = YES;
				CLANG_WARN__DUPLICATE_METHOD_MATCH = YES;
				COPY_PHASE_STRIP = NO;
				DEBUG_INFORMATION_FORMAT = "dwarf-with-dsym";
				ENABLE_NS_ASSERTIONS = NO;
				ENABLE_STRICT_OBJC_MSGSEND = YES;
				GCC_C_LANGUAGE_STANDARD = gnu11;
				GCC_NO_COMMON_BLOCKS = YES;
				GCC_WARN_64_TO_32_BIT_CONVERSION = YES;
				GCC_WARN_ABOUT_RETURN_TYPE = YES_ERROR;
				GCC_WARN_UNDECLARED_SELECTOR = YES;
				GCC_WARN_UNINITIALIZED_AUTOS = YES_AGGRESSIVE;
				GCC_WARN_UNUSED_FUNCTION = YES;
				GCC_WARN_UNUSED_VARIABLE = YES;
				IPHONEOS_DEPLOYMENT_TARGET = 14.0;
				MTL_ENABLE_DEBUG_INFO = NO;
				MTL_FAST_MATH = YES;
				SDKROOT = iphoneos;
				SWIFT_COMPILATION_MODE = wholemodule;
				SWIFT_OPTIMIZATION_LEVEL = "-O";
				VALIDATE_PRODUCT = YES;
			};
			name = Release;
		};
		B5ADA6C125CAD403000D8B25 /* Debug */ = {
			isa = XCBuildConfiguration;
			buildSettings = {
				ASSETCATALOG_COMPILER_APPICON_NAME = AppIcon;
				ASSETCATALOG_COMPILER_GLOBAL_ACCENT_COLOR_NAME = AccentColor;
				CODE_SIGN_STYLE = Automatic;
				DEVELOPMENT_TEAM = F3S2XGQQQ4;
				INFOPLIST_FILE = Printful_CocktailDatabase_Project/Info.plist;
				LD_RUNPATH_SEARCH_PATHS = (
					"$(inherited)",
					"@executable_path/Frameworks",
				);
				PRODUCT_BUNDLE_IDENTIFIER = "com.bogdanzarioiu.Printful-CocktailDatabase-Project";
				PRODUCT_NAME = "$(TARGET_NAME)";
				SWIFT_VERSION = 5.0;
				TARGETED_DEVICE_FAMILY = "1,2";
			};
			name = Debug;
		};
		B5ADA6C225CAD403000D8B25 /* Release */ = {
			isa = XCBuildConfiguration;
			buildSettings = {
				ASSETCATALOG_COMPILER_APPICON_NAME = AppIcon;
				ASSETCATALOG_COMPILER_GLOBAL_ACCENT_COLOR_NAME = AccentColor;
				CODE_SIGN_STYLE = Automatic;
				DEVELOPMENT_TEAM = F3S2XGQQQ4;
				INFOPLIST_FILE = Printful_CocktailDatabase_Project/Info.plist;
				LD_RUNPATH_SEARCH_PATHS = (
					"$(inherited)",
					"@executable_path/Frameworks",
				);
				PRODUCT_BUNDLE_IDENTIFIER = "com.bogdanzarioiu.Printful-CocktailDatabase-Project";
				PRODUCT_NAME = "$(TARGET_NAME)";
				SWIFT_VERSION = 5.0;
				TARGETED_DEVICE_FAMILY = "1,2";
			};
			name = Release;
		};
/* End XCBuildConfiguration section */

/* Begin XCConfigurationList section */
		B5ADA6A725CAD3FC000D8B25 /* Build configuration list for PBXProject "Printful_CocktailDatabase_Project" */ = {
			isa = XCConfigurationList;
			buildConfigurations = (
				B5ADA6BE25CAD403000D8B25 /* Debug */,
				B5ADA6BF25CAD403000D8B25 /* Release */,
			);
			defaultConfigurationIsVisible = 0;
			defaultConfigurationName = Release;
		};
		B5ADA6C025CAD403000D8B25 /* Build configuration list for PBXNativeTarget "Printful_CocktailDatabase_Project" */ = {
			isa = XCConfigurationList;
			buildConfigurations = (
				B5ADA6C125CAD403000D8B25 /* Debug */,
				B5ADA6C225CAD403000D8B25 /* Release */,
			);
			defaultConfigurationIsVisible = 0;
			defaultConfigurationName = Release;
		};
/* End XCConfigurationList section */
	};
	rootObject = B5ADA6A425CAD3FC000D8B25 /* Project object */;
}
